// !$*UTF8*$!
{
	archiveVersion = 1;
	classes = {
	};
	objectVersion = 56;
	objects = {

/* Begin PBXBuildFile section */
		28899C802AD544D500708D7B /* TranslationView.swift in Sources */ = {isa = PBXBuildFile; fileRef = 28899C7F2AD544D500708D7B /* TranslationView.swift */; };
		289217C92AD8D77000BB6885 /* UIColor+.swift in Sources */ = {isa = PBXBuildFile; fileRef = 289217C82AD8D77000BB6885 /* UIColor+.swift */; };
		289217CB2AD903F400BB6885 /* SupportedLanguage.swift in Sources */ = {isa = PBXBuildFile; fileRef = 289217CA2AD903F400BB6885 /* SupportedLanguage.swift */; };
		289217CD2AD9114100BB6885 /* PaddingLabel.swift in Sources */ = {isa = PBXBuildFile; fileRef = 289217CC2AD9114100BB6885 /* PaddingLabel.swift */; };
		289217CF2AD939B300BB6885 /* NetworkManager.swift in Sources */ = {isa = PBXBuildFile; fileRef = 289217CE2AD939B300BB6885 /* NetworkManager.swift */; };
		289217D32AD95C2600BB6885 /* PapagoResponse.swift in Sources */ = {isa = PBXBuildFile; fileRef = 289217D22AD95C2600BB6885 /* PapagoResponse.swift */; };
		289217D62AD9649300BB6885 /* Bundle+.swift in Sources */ = {isa = PBXBuildFile; fileRef = 289217D52AD9649300BB6885 /* Bundle+.swift */; };
		289217DC2ADA697400BB6885 /* APIType.swift in Sources */ = {isa = PBXBuildFile; fileRef = 289217DB2ADA697400BB6885 /* APIType.swift */; };
		289217DE2ADA699700BB6885 /* PapagoAPI.swift in Sources */ = {isa = PBXBuildFile; fileRef = 289217DD2ADA699700BB6885 /* PapagoAPI.swift */; };
		289217E02ADA69C800BB6885 /* HTTPMethod.swift in Sources */ = {isa = PBXBuildFile; fileRef = 289217DF2ADA69C800BB6885 /* HTTPMethod.swift */; };
		289217E32ADA6ABA00BB6885 /* NetworkError.swift in Sources */ = {isa = PBXBuildFile; fileRef = 289217E22ADA6ABA00BB6885 /* NetworkError.swift */; };
		289217E52ADAFF9D00BB6885 /* LanguageType.swift in Sources */ = {isa = PBXBuildFile; fileRef = 289217E42ADAFF9D00BB6885 /* LanguageType.swift */; };
		289217E72ADB245E00BB6885 /* TranslationModel.swift in Sources */ = {isa = PBXBuildFile; fileRef = 289217E62ADB245E00BB6885 /* TranslationModel.swift */; };
		289217E92ADBB55C00BB6885 /* TranslationViewModel.swift in Sources */ = {isa = PBXBuildFile; fileRef = 289217E82ADBB55C00BB6885 /* TranslationViewModel.swift */; };
		289217ED2ADD662C00BB6885 /* AlertBuilder.swift in Sources */ = {isa = PBXBuildFile; fileRef = 289217EC2ADD662C00BB6885 /* AlertBuilder.swift */; };
		28C69FFA2AD4364200B4A8A9 /* AppDelegate.swift in Sources */ = {isa = PBXBuildFile; fileRef = 28C69FF92AD4364200B4A8A9 /* AppDelegate.swift */; };
		28C69FFC2AD4364200B4A8A9 /* SceneDelegate.swift in Sources */ = {isa = PBXBuildFile; fileRef = 28C69FFB2AD4364200B4A8A9 /* SceneDelegate.swift */; };
		28C69FFE2AD4364200B4A8A9 /* TranslationViewController.swift in Sources */ = {isa = PBXBuildFile; fileRef = 28C69FFD2AD4364200B4A8A9 /* TranslationViewController.swift */; };
		28C6A0032AD4364300B4A8A9 /* Assets.xcassets in Resources */ = {isa = PBXBuildFile; fileRef = 28C6A0022AD4364300B4A8A9 /* Assets.xcassets */; };
		28C6A0062AD4364300B4A8A9 /* LaunchScreen.storyboard in Resources */ = {isa = PBXBuildFile; fileRef = 28C6A0042AD4364300B4A8A9 /* LaunchScreen.storyboard */; };
/* End PBXBuildFile section */

/* Begin PBXFileReference section */
		28899C7F2AD544D500708D7B /* TranslationView.swift */ = {isa = PBXFileReference; lastKnownFileType = sourcecode.swift; path = TranslationView.swift; sourceTree = "<group>"; };
		289217C82AD8D77000BB6885 /* UIColor+.swift */ = {isa = PBXFileReference; lastKnownFileType = sourcecode.swift; path = "UIColor+.swift"; sourceTree = "<group>"; };
		289217CA2AD903F400BB6885 /* SupportedLanguage.swift */ = {isa = PBXFileReference; lastKnownFileType = sourcecode.swift; path = SupportedLanguage.swift; sourceTree = "<group>"; };
		289217CC2AD9114100BB6885 /* PaddingLabel.swift */ = {isa = PBXFileReference; lastKnownFileType = sourcecode.swift; path = PaddingLabel.swift; sourceTree = "<group>"; };
		289217CE2AD939B300BB6885 /* NetworkManager.swift */ = {isa = PBXFileReference; lastKnownFileType = sourcecode.swift; path = NetworkManager.swift; sourceTree = "<group>"; };
		289217D02AD9563A00BB6885 /* APIKey.xcconfig */ = {isa = PBXFileReference; lastKnownFileType = text.xcconfig; path = APIKey.xcconfig; sourceTree = "<group>"; };
		289217D22AD95C2600BB6885 /* PapagoResponse.swift */ = {isa = PBXFileReference; lastKnownFileType = sourcecode.swift; path = PapagoResponse.swift; sourceTree = "<group>"; };
		289217D52AD9649300BB6885 /* Bundle+.swift */ = {isa = PBXFileReference; lastKnownFileType = sourcecode.swift; path = "Bundle+.swift"; sourceTree = "<group>"; };
		289217DB2ADA697400BB6885 /* APIType.swift */ = {isa = PBXFileReference; lastKnownFileType = sourcecode.swift; path = APIType.swift; sourceTree = "<group>"; };
		289217DD2ADA699700BB6885 /* PapagoAPI.swift */ = {isa = PBXFileReference; lastKnownFileType = sourcecode.swift; path = PapagoAPI.swift; sourceTree = "<group>"; };
		289217DF2ADA69C800BB6885 /* HTTPMethod.swift */ = {isa = PBXFileReference; lastKnownFileType = sourcecode.swift; path = HTTPMethod.swift; sourceTree = "<group>"; };
		289217E22ADA6ABA00BB6885 /* NetworkError.swift */ = {isa = PBXFileReference; lastKnownFileType = sourcecode.swift; path = NetworkError.swift; sourceTree = "<group>"; };
		289217E42ADAFF9D00BB6885 /* LanguageType.swift */ = {isa = PBXFileReference; lastKnownFileType = sourcecode.swift; path = LanguageType.swift; sourceTree = "<group>"; };
		289217E62ADB245E00BB6885 /* TranslationModel.swift */ = {isa = PBXFileReference; lastKnownFileType = sourcecode.swift; path = TranslationModel.swift; sourceTree = "<group>"; };
		289217E82ADBB55C00BB6885 /* TranslationViewModel.swift */ = {isa = PBXFileReference; lastKnownFileType = sourcecode.swift; path = TranslationViewModel.swift; sourceTree = "<group>"; };
		289217EC2ADD662C00BB6885 /* AlertBuilder.swift */ = {isa = PBXFileReference; lastKnownFileType = sourcecode.swift; path = AlertBuilder.swift; sourceTree = "<group>"; };
		28C69FF62AD4364200B4A8A9 /* Camera-Translate-App.app */ = {isa = PBXFileReference; explicitFileType = wrapper.application; includeInIndex = 0; path = "Camera-Translate-App.app"; sourceTree = BUILT_PRODUCTS_DIR; };
		28C69FF92AD4364200B4A8A9 /* AppDelegate.swift */ = {isa = PBXFileReference; lastKnownFileType = sourcecode.swift; path = AppDelegate.swift; sourceTree = "<group>"; };
		28C69FFB2AD4364200B4A8A9 /* SceneDelegate.swift */ = {isa = PBXFileReference; lastKnownFileType = sourcecode.swift; path = SceneDelegate.swift; sourceTree = "<group>"; };
		28C69FFD2AD4364200B4A8A9 /* TranslationViewController.swift */ = {isa = PBXFileReference; lastKnownFileType = sourcecode.swift; path = TranslationViewController.swift; sourceTree = "<group>"; };
		28C6A0022AD4364300B4A8A9 /* Assets.xcassets */ = {isa = PBXFileReference; lastKnownFileType = folder.assetcatalog; path = Assets.xcassets; sourceTree = "<group>"; };
		28C6A0052AD4364300B4A8A9 /* Base */ = {isa = PBXFileReference; lastKnownFileType = file.storyboard; name = Base; path = Base.lproj/LaunchScreen.storyboard; sourceTree = "<group>"; };
		28C6A0072AD4364300B4A8A9 /* Info.plist */ = {isa = PBXFileReference; lastKnownFileType = text.plist.xml; path = Info.plist; sourceTree = "<group>"; };
/* End PBXFileReference section */

/* Begin PBXFrameworksBuildPhase section */
		28C69FF32AD4364200B4A8A9 /* Frameworks */ = {
			isa = PBXFrameworksBuildPhase;
			buildActionMask = 2147483647;
			files = (
			);
			runOnlyForDeploymentPostprocessing = 0;
		};
/* End PBXFrameworksBuildPhase section */

/* Begin PBXGroup section */
		28899C7A2AD53C5600708D7B /* Application */ = {
			isa = PBXGroup;
			children = (
				28C69FF92AD4364200B4A8A9 /* AppDelegate.swift */,
				28C69FFB2AD4364200B4A8A9 /* SceneDelegate.swift */,
			);
			path = Application;
			sourceTree = "<group>";
		};
		28899C7B2AD53C6E00708D7B /* Model */ = {
			isa = PBXGroup;
			children = (
				289217D72ADA693400BB6885 /* Network */,
				289217E42ADAFF9D00BB6885 /* LanguageType.swift */,
				289217CA2AD903F400BB6885 /* SupportedLanguage.swift */,
				289217E62ADB245E00BB6885 /* TranslationModel.swift */,
			);
			path = Model;
			sourceTree = "<group>";
		};
		28899C7C2AD53C7200708D7B /* View */ = {
			isa = PBXGroup;
			children = (
				28C6A0042AD4364300B4A8A9 /* LaunchScreen.storyboard */,
				28C69FFD2AD4364200B4A8A9 /* TranslationViewController.swift */,
				28899C7F2AD544D500708D7B /* TranslationView.swift */,
				289217CC2AD9114100BB6885 /* PaddingLabel.swift */,
				289217EC2ADD662C00BB6885 /* AlertBuilder.swift */,
			);
			path = View;
			sourceTree = "<group>";
		};
		28899C7D2AD53C7600708D7B /* ViewModel */ = {
			isa = PBXGroup;
			children = (
				289217E82ADBB55C00BB6885 /* TranslationViewModel.swift */,
			);
			path = ViewModel;
			sourceTree = "<group>";
		};
		28899C7E2AD53C9700708D7B /* Resource */ = {
			isa = PBXGroup;
			children = (
				28C6A0022AD4364300B4A8A9 /* Assets.xcassets */,
			);
			path = Resource;
			sourceTree = "<group>";
		};
		289217D12AD95B2200BB6885 /* DTO */ = {
			isa = PBXGroup;
			children = (
				289217D22AD95C2600BB6885 /* PapagoResponse.swift */,
			);
			path = DTO;
			sourceTree = "<group>";
		};
		289217D42AD95E0E00BB6885 /* Papago */ = {
			isa = PBXGroup;
			children = (
				289217D12AD95B2200BB6885 /* DTO */,
				289217DD2ADA699700BB6885 /* PapagoAPI.swift */,
			);
			path = Papago;
			sourceTree = "<group>";
		};
		289217D72ADA693400BB6885 /* Network */ = {
			isa = PBXGroup;
			children = (
				289217D82ADA695400BB6885 /* API */,
				289217CE2AD939B300BB6885 /* NetworkManager.swift */,
				289217DF2ADA69C800BB6885 /* HTTPMethod.swift */,
				289217E22ADA6ABA00BB6885 /* NetworkError.swift */,
			);
			path = Network;
			sourceTree = "<group>";
		};
		289217D82ADA695400BB6885 /* API */ = {
			isa = PBXGroup;
			children = (
				289217D92ADA695B00BB6885 /* Interface */,
				289217D42AD95E0E00BB6885 /* Papago */,
			);
			path = API;
			sourceTree = "<group>";
		};
		289217D92ADA695B00BB6885 /* Interface */ = {
			isa = PBXGroup;
			children = (
				289217DB2ADA697400BB6885 /* APIType.swift */,
			);
			path = Interface;
			sourceTree = "<group>";
		};
		289978D52AD8CEEE00653C88 /* Extension */ = {
			isa = PBXGroup;
			children = (
				289217C82AD8D77000BB6885 /* UIColor+.swift */,
				289217D52AD9649300BB6885 /* Bundle+.swift */,
			);
			path = Extension;
			sourceTree = "<group>";
		};
		28C69FED2AD4364200B4A8A9 = {
			isa = PBXGroup;
			children = (
				28C69FF82AD4364200B4A8A9 /* Camera-Translate-App */,
				28C69FF72AD4364200B4A8A9 /* Products */,
			);
			sourceTree = "<group>";
		};
		28C69FF72AD4364200B4A8A9 /* Products */ = {
			isa = PBXGroup;
			children = (
				28C69FF62AD4364200B4A8A9 /* Camera-Translate-App.app */,
			);
			name = Products;
			sourceTree = "<group>";
		};
		28C69FF82AD4364200B4A8A9 /* Camera-Translate-App */ = {
			isa = PBXGroup;
			children = (
				289978D52AD8CEEE00653C88 /* Extension */,
				28899C7A2AD53C5600708D7B /* Application */,
				28899C7B2AD53C6E00708D7B /* Model */,
				28899C7C2AD53C7200708D7B /* View */,
				28899C7D2AD53C7600708D7B /* ViewModel */,
				28899C7E2AD53C9700708D7B /* Resource */,
				28C6A0072AD4364300B4A8A9 /* Info.plist */,
				289217D02AD9563A00BB6885 /* APIKey.xcconfig */,
			);
			path = "Camera-Translate-App";
			sourceTree = "<group>";
		};
/* End PBXGroup section */

/* Begin PBXNativeTarget section */
		28C69FF52AD4364200B4A8A9 /* Camera-Translate-App */ = {
			isa = PBXNativeTarget;
			buildConfigurationList = 28C6A00A2AD4364300B4A8A9 /* Build configuration list for PBXNativeTarget "Camera-Translate-App" */;
			buildPhases = (
				28C69FF22AD4364200B4A8A9 /* Sources */,
				28C69FF32AD4364200B4A8A9 /* Frameworks */,
				28C69FF42AD4364200B4A8A9 /* Resources */,
			);
			buildRules = (
			);
			dependencies = (
			);
			name = "Camera-Translate-App";
			productName = "Camera-Translate-App";
			productReference = 28C69FF62AD4364200B4A8A9 /* Camera-Translate-App.app */;
			productType = "com.apple.product-type.application";
		};
/* End PBXNativeTarget section */

/* Begin PBXProject section */
		28C69FEE2AD4364200B4A8A9 /* Project object */ = {
			isa = PBXProject;
			attributes = {
				BuildIndependentTargetsInParallel = 1;
				LastSwiftUpdateCheck = 1430;
				LastUpgradeCheck = 1430;
				TargetAttributes = {
					28C69FF52AD4364200B4A8A9 = {
						CreatedOnToolsVersion = 14.3.1;
					};
				};
			};
			buildConfigurationList = 28C69FF12AD4364200B4A8A9 /* Build configuration list for PBXProject "Camera-Translate-App" */;
			compatibilityVersion = "Xcode 14.0";
			developmentRegion = en;
			hasScannedForEncodings = 0;
			knownRegions = (
				en,
				Base,
			);
			mainGroup = 28C69FED2AD4364200B4A8A9;
			productRefGroup = 28C69FF72AD4364200B4A8A9 /* Products */;
			projectDirPath = "";
			projectRoot = "";
			targets = (
				28C69FF52AD4364200B4A8A9 /* Camera-Translate-App */,
			);
		};
/* End PBXProject section */

/* Begin PBXResourcesBuildPhase section */
		28C69FF42AD4364200B4A8A9 /* Resources */ = {
			isa = PBXResourcesBuildPhase;
			buildActionMask = 2147483647;
			files = (
				28C6A0062AD4364300B4A8A9 /* LaunchScreen.storyboard in Resources */,
				28C6A0032AD4364300B4A8A9 /* Assets.xcassets in Resources */,
			);
			runOnlyForDeploymentPostprocessing = 0;
		};
/* End PBXResourcesBuildPhase section */

/* Begin PBXSourcesBuildPhase section */
		28C69FF22AD4364200B4A8A9 /* Sources */ = {
			isa = PBXSourcesBuildPhase;
			buildActionMask = 2147483647;
			files = (
				289217ED2ADD662C00BB6885 /* AlertBuilder.swift in Sources */,
				289217DE2ADA699700BB6885 /* PapagoAPI.swift in Sources */,
				289217E72ADB245E00BB6885 /* TranslationModel.swift in Sources */,
				289217E32ADA6ABA00BB6885 /* NetworkError.swift in Sources */,
				28C69FFE2AD4364200B4A8A9 /* TranslationViewController.swift in Sources */,
				289217CD2AD9114100BB6885 /* PaddingLabel.swift in Sources */,
				28C69FFA2AD4364200B4A8A9 /* AppDelegate.swift in Sources */,
				28899C802AD544D500708D7B /* TranslationView.swift in Sources */,
				289217DC2ADA697400BB6885 /* APIType.swift in Sources */,
				289217CF2AD939B300BB6885 /* NetworkManager.swift in Sources */,
				289217CB2AD903F400BB6885 /* SupportedLanguage.swift in Sources */,
				28C69FFC2AD4364200B4A8A9 /* SceneDelegate.swift in Sources */,
				289217E92ADBB55C00BB6885 /* TranslationViewModel.swift in Sources */,
				289217C92AD8D77000BB6885 /* UIColor+.swift in Sources */,
				289217E02ADA69C800BB6885 /* HTTPMethod.swift in Sources */,
				289217D32AD95C2600BB6885 /* PapagoResponse.swift in Sources */,
				289217E52ADAFF9D00BB6885 /* LanguageType.swift in Sources */,
				289217D62AD9649300BB6885 /* Bundle+.swift in Sources */,
			);
			runOnlyForDeploymentPostprocessing = 0;
		};
/* End PBXSourcesBuildPhase section */

/* Begin PBXVariantGroup section */
		28C6A0042AD4364300B4A8A9 /* LaunchScreen.storyboard */ = {
			isa = PBXVariantGroup;
			children = (
				28C6A0052AD4364300B4A8A9 /* Base */,
			);
			name = LaunchScreen.storyboard;
			sourceTree = "<group>";
		};
/* End PBXVariantGroup section */

/* Begin XCBuildConfiguration section */
		28C6A0082AD4364300B4A8A9 /* Debug */ = {
			isa = XCBuildConfiguration;
			buildSettings = {
				ALWAYS_SEARCH_USER_PATHS = NO;
				CLANG_ANALYZER_NONNULL = YES;
				CLANG_ANALYZER_NUMBER_OBJECT_CONVERSION = YES_AGGRESSIVE;
				CLANG_CXX_LANGUAGE_STANDARD = "gnu++20";
				CLANG_ENABLE_MODULES = YES;
				CLANG_ENABLE_OBJC_ARC = YES;
				CLANG_ENABLE_OBJC_WEAK = YES;
				CLANG_WARN_BLOCK_CAPTURE_AUTORELEASING = YES;
				CLANG_WARN_BOOL_CONVERSION = YES;
				CLANG_WARN_COMMA = YES;
				CLANG_WARN_CONSTANT_CONVERSION = YES;
				CLANG_WARN_DEPRECATED_OBJC_IMPLEMENTATIONS = YES;
				CLANG_WARN_DIRECT_OBJC_ISA_USAGE = YES_ERROR;
				CLANG_WARN_DOCUMENTATION_COMMENTS = YES;
				CLANG_WARN_EMPTY_BODY = YES;
				CLANG_WARN_ENUM_CONVERSION = YES;
				CLANG_WARN_INFINITE_RECURSION = YES;
				CLANG_WARN_INT_CONVERSION = YES;
				CLANG_WARN_NON_LITERAL_NULL_CONVERSION = YES;
				CLANG_WARN_OBJC_IMPLICIT_RETAIN_SELF = YES;
				CLANG_WARN_OBJC_LITERAL_CONVERSION = YES;
				CLANG_WARN_OBJC_ROOT_CLASS = YES_ERROR;
				CLANG_WARN_QUOTED_INCLUDE_IN_FRAMEWORK_HEADER = YES;
				CLANG_WARN_RANGE_LOOP_ANALYSIS = YES;
				CLANG_WARN_STRICT_PROTOTYPES = YES;
				CLANG_WARN_SUSPICIOUS_MOVE = YES;
				CLANG_WARN_UNGUARDED_AVAILABILITY = YES_AGGRESSIVE;
				CLANG_WARN_UNREACHABLE_CODE = YES;
				CLANG_WARN__DUPLICATE_METHOD_MATCH = YES;
				COPY_PHASE_STRIP = NO;
				DEBUG_INFORMATION_FORMAT = dwarf;
				ENABLE_STRICT_OBJC_MSGSEND = YES;
				ENABLE_TESTABILITY = YES;
				GCC_C_LANGUAGE_STANDARD = gnu11;
				GCC_DYNAMIC_NO_PIC = NO;
				GCC_NO_COMMON_BLOCKS = YES;
				GCC_OPTIMIZATION_LEVEL = 0;
				GCC_PREPROCESSOR_DEFINITIONS = (
					"DEBUG=1",
					"$(inherited)",
				);
				GCC_WARN_64_TO_32_BIT_CONVERSION = YES;
				GCC_WARN_ABOUT_RETURN_TYPE = YES_ERROR;
				GCC_WARN_UNDECLARED_SELECTOR = YES;
				GCC_WARN_UNINITIALIZED_AUTOS = YES_AGGRESSIVE;
				GCC_WARN_UNUSED_FUNCTION = YES;
				GCC_WARN_UNUSED_VARIABLE = YES;
				IPHONEOS_DEPLOYMENT_TARGET = 16.4;
				MTL_ENABLE_DEBUG_INFO = INCLUDE_SOURCE;
				MTL_FAST_MATH = YES;
				ONLY_ACTIVE_ARCH = YES;
				SDKROOT = iphoneos;
				SWIFT_ACTIVE_COMPILATION_CONDITIONS = DEBUG;
				SWIFT_OPTIMIZATION_LEVEL = "-Onone";
			};
			name = Debug;
		};
		28C6A0092AD4364300B4A8A9 /* Release */ = {
			isa = XCBuildConfiguration;
			buildSettings = {
				ALWAYS_SEARCH_USER_PATHS = NO;
				CLANG_ANALYZER_NONNULL = YES;
				CLANG_ANALYZER_NUMBER_OBJECT_CONVERSION = YES_AGGRESSIVE;
				CLANG_CXX_LANGUAGE_STANDARD = "gnu++20";
				CLANG_ENABLE_MODULES = YES;
				CLANG_ENABLE_OBJC_ARC = YES;
				CLANG_ENABLE_OBJC_WEAK = YES;
				CLANG_WARN_BLOCK_CAPTURE_AUTORELEASING = YES;
				CLANG_WARN_BOOL_CONVERSION = YES;
				CLANG_WARN_COMMA = YES;
				CLANG_WARN_CONSTANT_CONVERSION = YES;
				CLANG_WARN_DEPRECATED_OBJC_IMPLEMENTATIONS = YES;
				CLANG_WARN_DIRECT_OBJC_ISA_USAGE = YES_ERROR;
				CLANG_WARN_DOCUMENTATION_COMMENTS = YES;
				CLANG_WARN_EMPTY_BODY = YES;
				CLANG_WARN_ENUM_CONVERSION = YES;
				CLANG_WARN_INFINITE_RECURSION = YES;
				CLANG_WARN_INT_CONVERSION = YES;
				CLANG_WARN_NON_LITERAL_NULL_CONVERSION = YES;
				CLANG_WARN_OBJC_IMPLICIT_RETAIN_SELF = YES;
				CLANG_WARN_OBJC_LITERAL_CONVERSION = YES;
				CLANG_WARN_OBJC_ROOT_CLASS = YES_ERROR;
				CLANG_WARN_QUOTED_INCLUDE_IN_FRAMEWORK_HEADER = YES;
				CLANG_WARN_RANGE_LOOP_ANALYSIS = YES;
				CLANG_WARN_STRICT_PROTOTYPES = YES;
				CLANG_WARN_SUSPICIOUS_MOVE = YES;
				CLANG_WARN_UNGUARDED_AVAILABILITY = YES_AGGRESSIVE;
				CLANG_WARN_UNREACHABLE_CODE = YES;
				CLANG_WARN__DUPLICATE_METHOD_MATCH = YES;
				COPY_PHASE_STRIP = NO;
				DEBUG_INFORMATION_FORMAT = "dwarf-with-dsym";
				ENABLE_NS_ASSERTIONS = NO;
				ENABLE_STRICT_OBJC_MSGSEND = YES;
				GCC_C_LANGUAGE_STANDARD = gnu11;
				GCC_NO_COMMON_BLOCKS = YES;
				GCC_WARN_64_TO_32_BIT_CONVERSION = YES;
				GCC_WARN_ABOUT_RETURN_TYPE = YES_ERROR;
				GCC_WARN_UNDECLARED_SELECTOR = YES;
				GCC_WARN_UNINITIALIZED_AUTOS = YES_AGGRESSIVE;
				GCC_WARN_UNUSED_FUNCTION = YES;
				GCC_WARN_UNUSED_VARIABLE = YES;
				IPHONEOS_DEPLOYMENT_TARGET = 16.4;
				MTL_ENABLE_DEBUG_INFO = NO;
				MTL_FAST_MATH = YES;
				SDKROOT = iphoneos;
				SWIFT_COMPILATION_MODE = wholemodule;
				SWIFT_OPTIMIZATION_LEVEL = "-O";
				VALIDATE_PRODUCT = YES;
			};
			name = Release;
		};
		28C6A00B2AD4364300B4A8A9 /* Debug */ = {
			isa = XCBuildConfiguration;
			baseConfigurationReference = 289217D02AD9563A00BB6885 /* APIKey.xcconfig */;
			buildSettings = {
				ASSETCATALOG_COMPILER_APPICON_NAME = AppIcon;
				ASSETCATALOG_COMPILER_GLOBAL_ACCENT_COLOR_NAME = AccentColor;
				CODE_SIGN_STYLE = Automatic;
				CURRENT_PROJECT_VERSION = 1;
				DEVELOPMENT_TEAM = SXJPM9PRM7;
				GENERATE_INFOPLIST_FILE = YES;
				INFOPLIST_FILE = "Camera-Translate-App/Info.plist";
				INFOPLIST_KEY_NSCameraUsageDescription = "Camera for text recognize";
				INFOPLIST_KEY_UIApplicationSupportsIndirectInputEvents = YES;
				INFOPLIST_KEY_UILaunchStoryboardName = LaunchScreen;
				INFOPLIST_KEY_UISupportedInterfaceOrientations_iPad = "UIInterfaceOrientationPortrait UIInterfaceOrientationPortraitUpsideDown UIInterfaceOrientationLandscapeLeft UIInterfaceOrientationLandscapeRight";
				INFOPLIST_KEY_UISupportedInterfaceOrientations_iPhone = "UIInterfaceOrientationPortrait UIInterfaceOrientationLandscapeLeft UIInterfaceOrientationLandscapeRight";
				LD_RUNPATH_SEARCH_PATHS = (
					"$(inherited)",
					"@executable_path/Frameworks",
				);
				MARKETING_VERSION = 1.0;
				PRODUCT_BUNDLE_IDENTIFIER = "EtialMoon.Camera-Translate-App";
				PRODUCT_NAME = "$(TARGET_NAME)";
				SUPPORTED_PLATFORMS = "iphoneos iphonesimulator";
				SUPPORTS_MACCATALYST = NO;
				SUPPORTS_MAC_DESIGNED_FOR_IPHONE_IPAD = NO;
				SWIFT_EMIT_LOC_STRINGS = YES;
				SWIFT_VERSION = 5.0;
				TARGETED_DEVICE_FAMILY = "1,2";
			};
			name = Debug;
		};
		28C6A00C2AD4364300B4A8A9 /* Release */ = {
			isa = XCBuildConfiguration;
			baseConfigurationReference = 289217D02AD9563A00BB6885 /* APIKey.xcconfig */;
			buildSettings = {
				ASSETCATALOG_COMPILER_APPICON_NAME = AppIcon;
				ASSETCATALOG_COMPILER_GLOBAL_ACCENT_COLOR_NAME = AccentColor;
				CODE_SIGN_STYLE = Automatic;
				CURRENT_PROJECT_VERSION = 1;
				DEVELOPMENT_TEAM = SXJPM9PRM7;
				GENERATE_INFOPLIST_FILE = YES;
				INFOPLIST_FILE = "Camera-Translate-App/Info.plist";
				INFOPLIST_KEY_NSCameraUsageDescription = "Camera for text recognize";
				INFOPLIST_KEY_UIApplicationSupportsIndirectInputEvents = YES;
				INFOPLIST_KEY_UILaunchStoryboardName = LaunchScreen;
				INFOPLIST_KEY_UISupportedInterfaceOrientations_iPad = "UIInterfaceOrientationPortrait UIInterfaceOrientationPortraitUpsideDown UIInterfaceOrientationLandscapeLeft UIInterfaceOrientationLandscapeRight";
				INFOPLIST_KEY_UISupportedInterfaceOrientations_iPhone = "UIInterfaceOrientationPortrait UIInterfaceOrientationLandscapeLeft UIInterfaceOrientationLandscapeRight";
				LD_RUNPATH_SEARCH_PATHS = (
					"$(inherited)",
					"@executable_path/Frameworks",
				);
				MARKETING_VERSION = 1.0;
				PRODUCT_BUNDLE_IDENTIFIER = "EtialMoon.Camera-Translate-App";
				PRODUCT_NAME = "$(TARGET_NAME)";
				SUPPORTED_PLATFORMS = "iphoneos iphonesimulator";
				SUPPORTS_MACCATALYST = NO;
				SUPPORTS_MAC_DESIGNED_FOR_IPHONE_IPAD = NO;
				SWIFT_EMIT_LOC_STRINGS = YES;
				SWIFT_VERSION = 5.0;
				TARGETED_DEVICE_FAMILY = "1,2";
			};
			name = Release;
		};
/* End XCBuildConfiguration section */

/* Begin XCConfigurationList section */
		28C69FF12AD4364200B4A8A9 /* Build configuration list for PBXProject "Camera-Translate-App" */ = {
			isa = XCConfigurationList;
			buildConfigurations = (
				28C6A0082AD4364300B4A8A9 /* Debug */,
				28C6A0092AD4364300B4A8A9 /* Release */,
			);
			defaultConfigurationIsVisible = 0;
			defaultConfigurationName = Release;
		};
		28C6A00A2AD4364300B4A8A9 /* Build configuration list for PBXNativeTarget "Camera-Translate-App" */ = {
			isa = XCConfigurationList;
			buildConfigurations = (
				28C6A00B2AD4364300B4A8A9 /* Debug */,
				28C6A00C2AD4364300B4A8A9 /* Release */,
			);
			defaultConfigurationIsVisible = 0;
			defaultConfigurationName = Release;
		};
/* End XCConfigurationList section */
	};
	rootObject = 28C69FEE2AD4364200B4A8A9 /* Project object */;
}
